// !$*UTF8*$!
{
	archiveVersion = 1;
	classes = {
	};
	objectVersion = 63;
	objects = {

/* Begin PBXBuildFile section */
		C60431462CA0955300F981D5 /* URLRequest+Extensions.swift in Sources */ = {isa = PBXBuildFile; fileRef = C60431452CA0954D00F981D5 /* URLRequest+Extensions.swift */; };
		C60431542CA0A8EF00F981D5 /* ActivityViewController.swift in Sources */ = {isa = PBXBuildFile; fileRef = C60431532CA0A8E200F981D5 /* ActivityViewController.swift */; };
		C60431562CA0AB7200F981D5 /* ActivityCollectionViewCell.swift in Sources */ = {isa = PBXBuildFile; fileRef = C60431552CA0AB7200F981D5 /* ActivityCollectionViewCell.swift */; };
		C62635F22CA261500007967E /* Kotlin+Extensions.swift in Sources */ = {isa = PBXBuildFile; fileRef = C62635F12CA261470007967E /* Kotlin+Extensions.swift */; };
		C62635F42CA39A070007967E /* PoliceActivityRepository.swift in Sources */ = {isa = PBXBuildFile; fileRef = C62635F32CA39A020007967E /* PoliceActivityRepository.swift */; };
		C62635F82CA4EA390007967E /* ActivityViewController+ActivityList.swift in Sources */ = {isa = PBXBuildFile; fileRef = C62635F72CA4EA220007967E /* ActivityViewController+ActivityList.swift */; };
		C62635FA2CA4EAD90007967E /* ActivityViewController+Search.swift in Sources */ = {isa = PBXBuildFile; fileRef = C62635F92CA4EAD60007967E /* ActivityViewController+Search.swift */; };
		C62635FC2CA4EB4D0007967E /* Date+Extensions.swift in Sources */ = {isa = PBXBuildFile; fileRef = C62635FB2CA4EB4A0007967E /* Date+Extensions.swift */; };
		C62636002CA4ED550007967E /* ActivityViewController+Map.swift in Sources */ = {isa = PBXBuildFile; fileRef = C62635FF2CA4ED450007967E /* ActivityViewController+Map.swift */; };
		C62636022CA4F2060007967E /* GeocodeManager.swift in Sources */ = {isa = PBXBuildFile; fileRef = C62636012CA4F1FE0007967E /* GeocodeManager.swift */; };
		C62636042CA4FA3F0007967E /* ReportedActivity+Extensions.swift in Sources */ = {isa = PBXBuildFile; fileRef = C62636032CA4FA390007967E /* ReportedActivity+Extensions.swift */; };
		C6562E802C9C8D2000B7B8E5 /* Assets.xcassets in Resources */ = {isa = PBXBuildFile; fileRef = C6562E772C9C8D2000B7B8E5 /* Assets.xcassets */; };
		C6562E822C9C8D2000B7B8E5 /* LaunchScreen.storyboard in Resources */ = {isa = PBXBuildFile; fileRef = C6562E7A2C9C8D2000B7B8E5 /* LaunchScreen.storyboard */; };
		C6562E832C9C8D2000B7B8E5 /* Main.storyboard in Resources */ = {isa = PBXBuildFile; fileRef = C6562E7C2C9C8D2000B7B8E5 /* Main.storyboard */; };
		C6562E842C9C8D2000B7B8E5 /* AppDelegate.swift in Sources */ = {isa = PBXBuildFile; fileRef = C6562E762C9C8D2000B7B8E5 /* AppDelegate.swift */; };
		C6562E852C9C8D2000B7B8E5 /* SceneDelegate.swift in Sources */ = {isa = PBXBuildFile; fileRef = C6562E7D2C9C8D2000B7B8E5 /* SceneDelegate.swift */; };
		C6562E862C9C8D2000B7B8E5 /* LiveStreamViewController.swift in Sources */ = {isa = PBXBuildFile; fileRef = C6562E7E2C9C8D2000B7B8E5 /* LiveStreamViewController.swift */; };
		C6B67DDD2CFC1DC80049DF82 /* GoogleService-Info.plist in Resources */ = {isa = PBXBuildFile; fileRef = C6B67DDC2CFC1DC80049DF82 /* GoogleService-Info.plist */; };
		C6B67DE02CFCDE390049DF82 /* FirebaseAnalyticsWithoutAdIdSupport in Frameworks */ = {isa = PBXBuildFile; productRef = C6B67DDF2CFCDE390049DF82 /* FirebaseAnalyticsWithoutAdIdSupport */; };
		C6B67DE22CFCDE390049DF82 /* FirebaseCrashlytics in Frameworks */ = {isa = PBXBuildFile; productRef = C6B67DE12CFCDE390049DF82 /* FirebaseCrashlytics */; };
		C6B67DE52D02AADE0049DF82 /* MediaManager.swift in Sources */ = {isa = PBXBuildFile; fileRef = C6B67DE42D02AAD50049DF82 /* MediaManager.swift */; };
		C6CEF9972CC563EF006D9389 /* ArchiveCollectionViewCell.swift in Sources */ = {isa = PBXBuildFile; fileRef = C6CEF9962CC563E7006D9389 /* ArchiveCollectionViewCell.swift */; };
		C6CEF9992CC564AE006D9389 /* ArchiveViewController+RecordingList.swift in Sources */ = {isa = PBXBuildFile; fileRef = C6CEF9982CC564A2006D9389 /* ArchiveViewController+RecordingList.swift */; };
		C6CEF99C2CC73ED9006D9389 /* AudioPlayerViewController.swift in Sources */ = {isa = PBXBuildFile; fileRef = C6CEF99A2CC73ED9006D9389 /* AudioPlayerViewController.swift */; };
		C6D20F172C9D0C3C00553B11 /* NowPlayingManager.swift in Sources */ = {isa = PBXBuildFile; fileRef = C6D20F162C9D0C3400553B11 /* NowPlayingManager.swift */; };
		C6D20F192C9D0D9C00553B11 /* AudioSessionManager.swift in Sources */ = {isa = PBXBuildFile; fileRef = C6D20F182C9D0D9700553B11 /* AudioSessionManager.swift */; };
		C6D20F1B2C9D10A000553B11 /* RemoteCommandCenterManager.swift in Sources */ = {isa = PBXBuildFile; fileRef = C6D20F1A2C9D109C00553B11 /* RemoteCommandCenterManager.swift */; };
		C6EF15D52CA63D880080FFB8 /* TabViewController.swift in Sources */ = {isa = PBXBuildFile; fileRef = C6EF15D42CA63D880080FFB8 /* TabViewController.swift */; };
		C6EF15D72CA63EE00080FFB8 /* ArchiveViewController.swift in Sources */ = {isa = PBXBuildFile; fileRef = C6EF15D62CA63ED70080FFB8 /* ArchiveViewController.swift */; };
		D4E3FB54D3D14CD6FA996BDE /* Pods_RadioScanner.framework in Frameworks */ = {isa = PBXBuildFile; fileRef = AA733AE1576910583046070A /* Pods_RadioScanner.framework */; };
/* End PBXBuildFile section */

/* Begin PBXFileReference section */
		44E61AD3E7F3C1521EA78CC8 /* Pods-RadioScanner.debug.xcconfig */ = {isa = PBXFileReference; includeInIndex = 1; lastKnownFileType = text.xcconfig; name = "Pods-RadioScanner.debug.xcconfig"; path = "Target Support Files/Pods-RadioScanner/Pods-RadioScanner.debug.xcconfig"; sourceTree = "<group>"; };
		AA733AE1576910583046070A /* Pods_RadioScanner.framework */ = {isa = PBXFileReference; explicitFileType = wrapper.framework; includeInIndex = 0; path = Pods_RadioScanner.framework; sourceTree = BUILT_PRODUCTS_DIR; };
		B7CB7CEEFF922103A7E99C28 /* Pods-RadioScanner.release.xcconfig */ = {isa = PBXFileReference; includeInIndex = 1; lastKnownFileType = text.xcconfig; name = "Pods-RadioScanner.release.xcconfig"; path = "Target Support Files/Pods-RadioScanner/Pods-RadioScanner.release.xcconfig"; sourceTree = "<group>"; };
		C60431452CA0954D00F981D5 /* URLRequest+Extensions.swift */ = {isa = PBXFileReference; lastKnownFileType = sourcecode.swift; path = "URLRequest+Extensions.swift"; sourceTree = "<group>"; };
		C60431532CA0A8E200F981D5 /* ActivityViewController.swift */ = {isa = PBXFileReference; lastKnownFileType = sourcecode.swift; path = ActivityViewController.swift; sourceTree = "<group>"; };
		C60431552CA0AB7200F981D5 /* ActivityCollectionViewCell.swift */ = {isa = PBXFileReference; lastKnownFileType = sourcecode.swift; path = ActivityCollectionViewCell.swift; sourceTree = "<group>"; };
		C62635F12CA261470007967E /* Kotlin+Extensions.swift */ = {isa = PBXFileReference; lastKnownFileType = sourcecode.swift; path = "Kotlin+Extensions.swift"; sourceTree = "<group>"; };
		C62635F32CA39A020007967E /* PoliceActivityRepository.swift */ = {isa = PBXFileReference; lastKnownFileType = sourcecode.swift; path = PoliceActivityRepository.swift; sourceTree = "<group>"; };
		C62635F72CA4EA220007967E /* ActivityViewController+ActivityList.swift */ = {isa = PBXFileReference; lastKnownFileType = sourcecode.swift; path = "ActivityViewController+ActivityList.swift"; sourceTree = "<group>"; };
		C62635F92CA4EAD60007967E /* ActivityViewController+Search.swift */ = {isa = PBXFileReference; lastKnownFileType = sourcecode.swift; path = "ActivityViewController+Search.swift"; sourceTree = "<group>"; };
		C62635FB2CA4EB4A0007967E /* Date+Extensions.swift */ = {isa = PBXFileReference; lastKnownFileType = sourcecode.swift; path = "Date+Extensions.swift"; sourceTree = "<group>"; };
		C62635FF2CA4ED450007967E /* ActivityViewController+Map.swift */ = {isa = PBXFileReference; lastKnownFileType = sourcecode.swift; path = "ActivityViewController+Map.swift"; sourceTree = "<group>"; };
		C62636012CA4F1FE0007967E /* GeocodeManager.swift */ = {isa = PBXFileReference; lastKnownFileType = sourcecode.swift; path = GeocodeManager.swift; sourceTree = "<group>"; };
		C62636032CA4FA390007967E /* ReportedActivity+Extensions.swift */ = {isa = PBXFileReference; lastKnownFileType = sourcecode.swift; path = "ReportedActivity+Extensions.swift"; sourceTree = "<group>"; };
		C6562E2E2C9C7F3300B7B8E5 /* RadioScanner.app */ = {isa = PBXFileReference; explicitFileType = wrapper.application; includeInIndex = 0; path = RadioScanner.app; sourceTree = BUILT_PRODUCTS_DIR; };
		C6562E762C9C8D2000B7B8E5 /* AppDelegate.swift */ = {isa = PBXFileReference; lastKnownFileType = sourcecode.swift; path = AppDelegate.swift; sourceTree = "<group>"; };
		C6562E772C9C8D2000B7B8E5 /* Assets.xcassets */ = {isa = PBXFileReference; lastKnownFileType = folder.assetcatalog; path = Assets.xcassets; sourceTree = "<group>"; };
		C6562E782C9C8D2000B7B8E5 /* Info.plist */ = {isa = PBXFileReference; lastKnownFileType = text.plist.xml; path = Info.plist; sourceTree = "<group>"; };
		C6562E792C9C8D2000B7B8E5 /* Base */ = {isa = PBXFileReference; lastKnownFileType = file.storyboard; name = Base; path = Base.lproj/LaunchScreen.storyboard; sourceTree = "<group>"; };
		C6562E7B2C9C8D2000B7B8E5 /* Base */ = {isa = PBXFileReference; lastKnownFileType = file.storyboard; name = Base; path = Base.lproj/Main.storyboard; sourceTree = "<group>"; };
		C6562E7D2C9C8D2000B7B8E5 /* SceneDelegate.swift */ = {isa = PBXFileReference; lastKnownFileType = sourcecode.swift; path = SceneDelegate.swift; sourceTree = "<group>"; };
		C6562E7E2C9C8D2000B7B8E5 /* LiveStreamViewController.swift */ = {isa = PBXFileReference; lastKnownFileType = sourcecode.swift; path = LiveStreamViewController.swift; sourceTree = "<group>"; };
		C6B67DDC2CFC1DC80049DF82 /* GoogleService-Info.plist */ = {isa = PBXFileReference; lastKnownFileType = text.plist.xml; path = "GoogleService-Info.plist"; sourceTree = "<group>"; };
		C6B67DE42D02AAD50049DF82 /* MediaManager.swift */ = {isa = PBXFileReference; lastKnownFileType = sourcecode.swift; path = MediaManager.swift; sourceTree = "<group>"; };
		C6CEF97D2CC1FD84006D9389 /* ActivityLog.kt */ = {isa = PBXFileReference; lastKnownFileType = text; path = ActivityLog.kt; sourceTree = "<group>"; };
		C6CEF97E2CC1FD84006D9389 /* City.kt */ = {isa = PBXFileReference; lastKnownFileType = text; path = City.kt; sourceTree = "<group>"; };
		C6CEF97F2CC1FD84006D9389 /* Recording.kt */ = {isa = PBXFileReference; lastKnownFileType = text; path = Recording.kt; sourceTree = "<group>"; };
		C6CEF9802CC1FD84006D9389 /* ReportedActivity.kt */ = {isa = PBXFileReference; lastKnownFileType = text; path = ReportedActivity.kt; sourceTree = "<group>"; };
		C6CEF9822CC1FD84006D9389 /* CCPoliceActivityRepository.kt */ = {isa = PBXFileReference; lastKnownFileType = text; path = CCPoliceActivityRepository.kt; sourceTree = "<group>"; };
		C6CEF9832CC1FD84006D9389 /* PoliceActivityRepository.kt */ = {isa = PBXFileReference; lastKnownFileType = text; path = PoliceActivityRepository.kt; sourceTree = "<group>"; };
		C6CEF9842CC1FD84006D9389 /* WhitleyCountyRadioRepository.kt */ = {isa = PBXFileReference; lastKnownFileType = text; path = WhitleyCountyRadioRepository.kt; sourceTree = "<group>"; };
		C6CEF9862CC1FD84006D9389 /* HttpClient.kt */ = {isa = PBXFileReference; lastKnownFileType = text; path = HttpClient.kt; sourceTree = "<group>"; };
		C6CEF9882CC1FD84006D9389 /* Greeting.kt */ = {isa = PBXFileReference; lastKnownFileType = text; path = Greeting.kt; sourceTree = "<group>"; };
		C6CEF9892CC1FD84006D9389 /* Platform.kt */ = {isa = PBXFileReference; lastKnownFileType = text; path = Platform.kt; sourceTree = "<group>"; };
		C6CEF98F2CC1FD84006D9389 /* Extensions.ios.kt */ = {isa = PBXFileReference; lastKnownFileType = text; path = Extensions.ios.kt; sourceTree = "<group>"; };
		C6CEF9902CC1FD84006D9389 /* Platform.ios.kt */ = {isa = PBXFileReference; lastKnownFileType = text; path = Platform.ios.kt; sourceTree = "<group>"; };
		C6CEF9962CC563E7006D9389 /* ArchiveCollectionViewCell.swift */ = {isa = PBXFileReference; lastKnownFileType = sourcecode.swift; path = ArchiveCollectionViewCell.swift; sourceTree = "<group>"; };
		C6CEF9982CC564A2006D9389 /* ArchiveViewController+RecordingList.swift */ = {isa = PBXFileReference; lastKnownFileType = sourcecode.swift; path = "ArchiveViewController+RecordingList.swift"; sourceTree = "<group>"; };
		C6CEF99A2CC73ED9006D9389 /* AudioPlayerViewController.swift */ = {isa = PBXFileReference; lastKnownFileType = sourcecode.swift; path = AudioPlayerViewController.swift; sourceTree = "<group>"; };
		C6D20F162C9D0C3400553B11 /* NowPlayingManager.swift */ = {isa = PBXFileReference; lastKnownFileType = sourcecode.swift; path = NowPlayingManager.swift; sourceTree = "<group>"; };
		C6D20F182C9D0D9700553B11 /* AudioSessionManager.swift */ = {isa = PBXFileReference; lastKnownFileType = sourcecode.swift; path = AudioSessionManager.swift; sourceTree = "<group>"; };
		C6D20F1A2C9D109C00553B11 /* RemoteCommandCenterManager.swift */ = {isa = PBXFileReference; lastKnownFileType = sourcecode.swift; path = RemoteCommandCenterManager.swift; sourceTree = "<group>"; };
		C6EF15D42CA63D880080FFB8 /* TabViewController.swift */ = {isa = PBXFileReference; lastKnownFileType = sourcecode.swift; path = TabViewController.swift; sourceTree = "<group>"; };
		C6EF15D62CA63ED70080FFB8 /* ArchiveViewController.swift */ = {isa = PBXFileReference; lastKnownFileType = sourcecode.swift; path = ArchiveViewController.swift; sourceTree = "<group>"; };
/* End PBXFileReference section */

/* Begin PBXFrameworksBuildPhase section */
		C6562E2B2C9C7F3300B7B8E5 /* Frameworks */ = {
			isa = PBXFrameworksBuildPhase;
			buildActionMask = 2147483647;
			files = (
				C6B67DE22CFCDE390049DF82 /* FirebaseCrashlytics in Frameworks */,
				D4E3FB54D3D14CD6FA996BDE /* Pods_RadioScanner.framework in Frameworks */,
				C6B67DE02CFCDE390049DF82 /* FirebaseAnalyticsWithoutAdIdSupport in Frameworks */,
			);
			runOnlyForDeploymentPostprocessing = 0;
		};
/* End PBXFrameworksBuildPhase section */

/* Begin PBXGroup section */
		6347CA1366BA95A8D7D8B2F9 /* Pods */ = {
			isa = PBXGroup;
			children = (
				44E61AD3E7F3C1521EA78CC8 /* Pods-RadioScanner.debug.xcconfig */,
				B7CB7CEEFF922103A7E99C28 /* Pods-RadioScanner.release.xcconfig */,
			);
			path = Pods;
			sourceTree = "<group>";
		};
		C60431472CA0A78500F981D5 /* ViewControllers */ = {
			isa = PBXGroup;
			children = (
				C6EF15DA2CA762510080FFB8 /* Archive */,
				C62635F62CA4E4930007967E /* Activity */,
				C6562E7E2C9C8D2000B7B8E5 /* LiveStreamViewController.swift */,
				C6CEF99A2CC73ED9006D9389 /* AudioPlayerViewController.swift */,
			);
			path = ViewControllers;
			sourceTree = "<group>";
		};
		C60431482CA0A79400F981D5 /* Managers */ = {
			isa = PBXGroup;
			children = (
				C6B67DE42D02AAD50049DF82 /* MediaManager.swift */,
				C62636012CA4F1FE0007967E /* GeocodeManager.swift */,
				C6D20F1A2C9D109C00553B11 /* RemoteCommandCenterManager.swift */,
				C6D20F162C9D0C3400553B11 /* NowPlayingManager.swift */,
				C6D20F182C9D0D9700553B11 /* AudioSessionManager.swift */,
			);
			path = Managers;
			sourceTree = "<group>";
		};
		C60431522CA0A8A900F981D5 /* Extensions */ = {
			isa = PBXGroup;
			children = (
				C62636032CA4FA390007967E /* ReportedActivity+Extensions.swift */,
				C62635FB2CA4EB4A0007967E /* Date+Extensions.swift */,
				C62635F12CA261470007967E /* Kotlin+Extensions.swift */,
				C60431452CA0954D00F981D5 /* URLRequest+Extensions.swift */,
			);
			path = Extensions;
			sourceTree = "<group>";
		};
		C62635F52CA39A0A0007967E /* Repositories */ = {
			isa = PBXGroup;
			children = (
				C62635F32CA39A020007967E /* PoliceActivityRepository.swift */,
			);
			path = Repositories;
			sourceTree = "<group>";
		};
		C62635F62CA4E4930007967E /* Activity */ = {
			isa = PBXGroup;
			children = (
				C62635FF2CA4ED450007967E /* ActivityViewController+Map.swift */,
				C62635F92CA4EAD60007967E /* ActivityViewController+Search.swift */,
				C62635F72CA4EA220007967E /* ActivityViewController+ActivityList.swift */,
				C60431552CA0AB7200F981D5 /* ActivityCollectionViewCell.swift */,
				C60431532CA0A8E200F981D5 /* ActivityViewController.swift */,
			);
			path = Activity;
			sourceTree = "<group>";
		};
		C6562E252C9C7F3300B7B8E5 = {
			isa = PBXGroup;
			children = (
				C6CEF97C2CC1FD42006D9389 /* Kotlin Debug */,
				C6562E7F2C9C8D2000B7B8E5 /* RadioScanner */,
				C6562E4C2C9C800900B7B8E5 /* Frameworks */,
				C6562E2F2C9C7F3300B7B8E5 /* Products */,
				6347CA1366BA95A8D7D8B2F9 /* Pods */,
			);
			sourceTree = "<group>";
		};
		C6562E2F2C9C7F3300B7B8E5 /* Products */ = {
			isa = PBXGroup;
			children = (
				C6562E2E2C9C7F3300B7B8E5 /* RadioScanner.app */,
			);
			name = Products;
			sourceTree = "<group>";
		};
		C6562E4C2C9C800900B7B8E5 /* Frameworks */ = {
			isa = PBXGroup;
			children = (
				AA733AE1576910583046070A /* Pods_RadioScanner.framework */,
			);
			name = Frameworks;
			sourceTree = "<group>";
		};
		C6562E7F2C9C8D2000B7B8E5 /* RadioScanner */ = {
			isa = PBXGroup;
			children = (
				C6B67DDC2CFC1DC80049DF82 /* GoogleService-Info.plist */,
				C62635F52CA39A0A0007967E /* Repositories */,
				C60431522CA0A8A900F981D5 /* Extensions */,
				C60431482CA0A79400F981D5 /* Managers */,
				C60431472CA0A78500F981D5 /* ViewControllers */,
				C6562E762C9C8D2000B7B8E5 /* AppDelegate.swift */,
				C6562E772C9C8D2000B7B8E5 /* Assets.xcassets */,
				C6562E782C9C8D2000B7B8E5 /* Info.plist */,
				C6562E7A2C9C8D2000B7B8E5 /* LaunchScreen.storyboard */,
				C6562E7C2C9C8D2000B7B8E5 /* Main.storyboard */,
				C6EF15D42CA63D880080FFB8 /* TabViewController.swift */,
				C6562E7D2C9C8D2000B7B8E5 /* SceneDelegate.swift */,
			);
			path = RadioScanner;
			sourceTree = "<group>";
		};
		C6CEF97C2CC1FD42006D9389 /* Kotlin Debug */ = {
			isa = PBXGroup;
			children = (
				C6CEF98E2CC1FD84006D9389 /* commonMain */,
				C6CEF9952CC1FD84006D9389 /* iosMain */,
			);
			path = "Kotlin Debug";
			sourceTree = "<group>";
		};
		C6CEF9812CC1FD84006D9389 /* models */ = {
			isa = PBXGroup;
			children = (
				C6CEF97D2CC1FD84006D9389 /* ActivityLog.kt */,
				C6CEF97E2CC1FD84006D9389 /* City.kt */,
				C6CEF97F2CC1FD84006D9389 /* Recording.kt */,
				C6CEF9802CC1FD84006D9389 /* ReportedActivity.kt */,
			);
			path = models;
			sourceTree = "<group>";
		};
		C6CEF9852CC1FD84006D9389 /* repositories */ = {
			isa = PBXGroup;
			children = (
				C6CEF9822CC1FD84006D9389 /* CCPoliceActivityRepository.kt */,
				C6CEF9832CC1FD84006D9389 /* PoliceActivityRepository.kt */,
				C6CEF9842CC1FD84006D9389 /* WhitleyCountyRadioRepository.kt */,
			);
			path = repositories;
			sourceTree = "<group>";
		};
		C6CEF9872CC1FD84006D9389 /* sources */ = {
			isa = PBXGroup;
			children = (
				C6CEF9862CC1FD84006D9389 /* HttpClient.kt */,
			);
			path = sources;
			sourceTree = "<group>";
		};
		C6CEF98A2CC1FD84006D9389 /* radioscannershared */ = {
			isa = PBXGroup;
			children = (
				C6CEF9812CC1FD84006D9389 /* models */,
				C6CEF9852CC1FD84006D9389 /* repositories */,
				C6CEF9872CC1FD84006D9389 /* sources */,
				C6CEF9882CC1FD84006D9389 /* Greeting.kt */,
				C6CEF9892CC1FD84006D9389 /* Platform.kt */,
			);
			path = radioscannershared;
			sourceTree = "<group>";
		};
		C6CEF98B2CC1FD84006D9389 /* brendanperry */ = {
			isa = PBXGroup;
			children = (
				C6CEF98A2CC1FD84006D9389 /* radioscannershared */,
			);
			path = brendanperry;
			sourceTree = "<group>";
		};
		C6CEF98C2CC1FD84006D9389 /* com */ = {
			isa = PBXGroup;
			children = (
				C6CEF98B2CC1FD84006D9389 /* brendanperry */,
			);
			path = com;
			sourceTree = "<group>";
		};
		C6CEF98D2CC1FD84006D9389 /* kotlin */ = {
			isa = PBXGroup;
			children = (
				C6CEF98C2CC1FD84006D9389 /* com */,
			);
			path = kotlin;
			sourceTree = "<group>";
		};
		C6CEF98E2CC1FD84006D9389 /* commonMain */ = {
			isa = PBXGroup;
			children = (
				C6CEF98D2CC1FD84006D9389 /* kotlin */,
			);
			name = commonMain;
			path = ../Shared/RadioScannerShared/shared/src/commonMain;
			sourceTree = SOURCE_ROOT;
		};
		C6CEF9912CC1FD84006D9389 /* radioscannershared */ = {
			isa = PBXGroup;
			children = (
				C6CEF98F2CC1FD84006D9389 /* Extensions.ios.kt */,
				C6CEF9902CC1FD84006D9389 /* Platform.ios.kt */,
			);
			path = radioscannershared;
			sourceTree = "<group>";
		};
		C6CEF9922CC1FD84006D9389 /* brendanperry */ = {
			isa = PBXGroup;
			children = (
				C6CEF9912CC1FD84006D9389 /* radioscannershared */,
			);
			path = brendanperry;
			sourceTree = "<group>";
		};
		C6CEF9932CC1FD84006D9389 /* com */ = {
			isa = PBXGroup;
			children = (
				C6CEF9922CC1FD84006D9389 /* brendanperry */,
			);
			path = com;
			sourceTree = "<group>";
		};
		C6CEF9942CC1FD84006D9389 /* kotlin */ = {
			isa = PBXGroup;
			children = (
				C6CEF9932CC1FD84006D9389 /* com */,
			);
			path = kotlin;
			sourceTree = "<group>";
		};
		C6CEF9952CC1FD84006D9389 /* iosMain */ = {
			isa = PBXGroup;
			children = (
				C6CEF9942CC1FD84006D9389 /* kotlin */,
			);
			name = iosMain;
			path = ../Shared/RadioScannerShared/shared/src/iosMain;
			sourceTree = SOURCE_ROOT;
		};
		C6EF15DA2CA762510080FFB8 /* Archive */ = {
			isa = PBXGroup;
			children = (
				C6CEF9982CC564A2006D9389 /* ArchiveViewController+RecordingList.swift */,
				C6CEF9962CC563E7006D9389 /* ArchiveCollectionViewCell.swift */,
				C6EF15D62CA63ED70080FFB8 /* ArchiveViewController.swift */,
			);
			path = Archive;
			sourceTree = "<group>";
		};
/* End PBXGroup section */

/* Begin PBXNativeTarget section */
		C6562E2D2C9C7F3300B7B8E5 /* RadioScanner */ = {
			isa = PBXNativeTarget;
			buildConfigurationList = C6562E412C9C7F3500B7B8E5 /* Build configuration list for PBXNativeTarget "RadioScanner" */;
			buildPhases = (
				8D25F12D5F316971C90F0CA6 /* [CP] Check Pods Manifest.lock */,
				C62635F02CA25D880007967E /* ShellScript */,
				C6562E2A2C9C7F3300B7B8E5 /* Sources */,
				C6562E2B2C9C7F3300B7B8E5 /* Frameworks */,
				C6562E2C2C9C7F3300B7B8E5 /* Resources */,
				870174EE62458559EDD5F97D /* [CP] Embed Pods Frameworks */,
				C6B67DE32CFCE0260049DF82 /* ShellScript */,
			);
			buildRules = (
			);
			dependencies = (
			);
			name = RadioScanner;
			productName = RadioScanner;
			productReference = C6562E2E2C9C7F3300B7B8E5 /* RadioScanner.app */;
			productType = "com.apple.product-type.application";
		};
/* End PBXNativeTarget section */

/* Begin PBXProject section */
		C6562E262C9C7F3300B7B8E5 /* Project object */ = {
			isa = PBXProject;
			attributes = {
				BuildIndependentTargetsInParallel = 1;
				LastSwiftUpdateCheck = 1600;
				LastUpgradeCheck = 1610;
				TargetAttributes = {
					C6562E2D2C9C7F3300B7B8E5 = {
						CreatedOnToolsVersion = 16.0;
					};
				};
			};
			buildConfigurationList = C6562E292C9C7F3300B7B8E5 /* Build configuration list for PBXProject "RadioScanner" */;
			compatibilityVersion = "Xcode 14.0";
			developmentRegion = en;
			hasScannedForEncodings = 0;
			knownRegions = (
				en,
				Base,
			);
			mainGroup = C6562E252C9C7F3300B7B8E5;
			minimizedProjectReferenceProxies = 1;
			packageReferences = (
				C6B67DDE2CFCDE380049DF82 /* XCRemoteSwiftPackageReference "firebase-ios-sdk" */,
			);
			productRefGroup = C6562E2F2C9C7F3300B7B8E5 /* Products */;
			projectDirPath = "";
			projectRoot = "";
			targets = (
				C6562E2D2C9C7F3300B7B8E5 /* RadioScanner */,
			);
		};
/* End PBXProject section */

/* Begin PBXResourcesBuildPhase section */
		C6562E2C2C9C7F3300B7B8E5 /* Resources */ = {
			isa = PBXResourcesBuildPhase;
			buildActionMask = 2147483647;
			files = (
				C6562E802C9C8D2000B7B8E5 /* Assets.xcassets in Resources */,
				C6B67DDD2CFC1DC80049DF82 /* GoogleService-Info.plist in Resources */,
				C6562E822C9C8D2000B7B8E5 /* LaunchScreen.storyboard in Resources */,
				C6562E832C9C8D2000B7B8E5 /* Main.storyboard in Resources */,
			);
			runOnlyForDeploymentPostprocessing = 0;
		};
/* End PBXResourcesBuildPhase section */

/* Begin PBXShellScriptBuildPhase section */
		870174EE62458559EDD5F97D /* [CP] Embed Pods Frameworks */ = {
			isa = PBXShellScriptBuildPhase;
			buildActionMask = 2147483647;
			files = (
			);
			inputFileListPaths = (
				"${PODS_ROOT}/Target Support Files/Pods-RadioScanner/Pods-RadioScanner-frameworks-${CONFIGURATION}-input-files.xcfilelist",
			);
			name = "[CP] Embed Pods Frameworks";
			outputFileListPaths = (
				"${PODS_ROOT}/Target Support Files/Pods-RadioScanner/Pods-RadioScanner-frameworks-${CONFIGURATION}-output-files.xcfilelist",
			);
			runOnlyForDeploymentPostprocessing = 0;
			shellPath = /bin/sh;
			shellScript = "\"${PODS_ROOT}/Target Support Files/Pods-RadioScanner/Pods-RadioScanner-frameworks.sh\"\n";
			showEnvVarsInLog = 0;
		};
		8D25F12D5F316971C90F0CA6 /* [CP] Check Pods Manifest.lock */ = {
			isa = PBXShellScriptBuildPhase;
			buildActionMask = 2147483647;
			files = (
			);
			inputFileListPaths = (
			);
			inputPaths = (
				"${PODS_PODFILE_DIR_PATH}/Podfile.lock",
				"${PODS_ROOT}/Manifest.lock",
			);
			name = "[CP] Check Pods Manifest.lock";
			outputFileListPaths = (
			);
			outputPaths = (
				"$(DERIVED_FILE_DIR)/Pods-RadioScanner-checkManifestLockResult.txt",
			);
			runOnlyForDeploymentPostprocessing = 0;
			shellPath = /bin/sh;
			shellScript = "diff \"${PODS_PODFILE_DIR_PATH}/Podfile.lock\" \"${PODS_ROOT}/Manifest.lock\" > /dev/null\nif [ $? != 0 ] ; then\n    # print error to STDERR\n    echo \"error: The sandbox is not in sync with the Podfile.lock. Run 'pod install' or update your CocoaPods installation.\" >&2\n    exit 1\nfi\n# This output is used by Xcode 'outputs' to avoid re-running this script phase.\necho \"SUCCESS\" > \"${SCRIPT_OUTPUT_FILE_0}\"\n";
			showEnvVarsInLog = 0;
		};
		C62635F02CA25D880007967E /* ShellScript */ = {
			isa = PBXShellScriptBuildPhase;
			buildActionMask = 2147483647;
			files = (
			);
			inputFileListPaths = (
			);
			inputPaths = (
			);
			outputFileListPaths = (
			);
			outputPaths = (
			);
			runOnlyForDeploymentPostprocessing = 0;
			shellPath = /bin/sh;
			shellScript = "cd \"$SRCROOT/../Shared/RadioScannerShared\"\n./gradlew :shared:embedAndSignAppleFrameworkForXcode\n";
		};
		C6B67DE32CFCE0260049DF82 /* ShellScript */ = {
			isa = PBXShellScriptBuildPhase;
			buildActionMask = 2147483647;
			files = (
			);
			inputFileListPaths = (
			);
			inputPaths = (
				"${DWARF_DSYM_FOLDER_PATH}/${DWARF_DSYM_FILE_NAME}",
				"${DWARF_DSYM_FOLDER_PATH}/${DWARF_DSYM_FILE_NAME}/Contents/Resources/DWARF/${PRODUCT_NAME}",
				"${DWARF_DSYM_FOLDER_PATH}/${DWARF_DSYM_FILE_NAME}/Contents/Info.plist",
				"$(TARGET_BUILD_DIR)/$(UNLOCALIZED_RESOURCES_FOLDER_PATH)/GoogleService-Info.plist",
				"$(TARGET_BUILD_DIR)/$(EXECUTABLE_PATH)",
			);
			outputFileListPaths = (
			);
			outputPaths = (
			);
			runOnlyForDeploymentPostprocessing = 0;
			shellPath = /bin/sh;
			shellScript = "\"${BUILD_DIR%/Build/*}/SourcePackages/checkouts/firebase-ios-sdk/Crashlytics/run\"\n";
		};
/* End PBXShellScriptBuildPhase section */

/* Begin PBXSourcesBuildPhase section */
		C6562E2A2C9C7F3300B7B8E5 /* Sources */ = {
			isa = PBXSourcesBuildPhase;
			buildActionMask = 2147483647;
			files = (
				C62636002CA4ED550007967E /* ActivityViewController+Map.swift in Sources */,
				C62635FA2CA4EAD90007967E /* ActivityViewController+Search.swift in Sources */,
				C6562E842C9C8D2000B7B8E5 /* AppDelegate.swift in Sources */,
				C6CEF9972CC563EF006D9389 /* ArchiveCollectionViewCell.swift in Sources */,
				C6CEF99C2CC73ED9006D9389 /* AudioPlayerViewController.swift in Sources */,
				C62635F42CA39A070007967E /* PoliceActivityRepository.swift in Sources */,
				C6CEF9992CC564AE006D9389 /* ArchiveViewController+RecordingList.swift in Sources */,
				C6D20F172C9D0C3C00553B11 /* NowPlayingManager.swift in Sources */,
				C6D20F192C9D0D9C00553B11 /* AudioSessionManager.swift in Sources */,
				C6EF15D52CA63D880080FFB8 /* TabViewController.swift in Sources */,
				C6562E852C9C8D2000B7B8E5 /* SceneDelegate.swift in Sources */,
				C62635F22CA261500007967E /* Kotlin+Extensions.swift in Sources */,
				C60431462CA0955300F981D5 /* URLRequest+Extensions.swift in Sources */,
				C60431542CA0A8EF00F981D5 /* ActivityViewController.swift in Sources */,
				C62635FC2CA4EB4D0007967E /* Date+Extensions.swift in Sources */,
				C6D20F1B2C9D10A000553B11 /* RemoteCommandCenterManager.swift in Sources */,
				C6562E862C9C8D2000B7B8E5 /* LiveStreamViewController.swift in Sources */,
				C62636042CA4FA3F0007967E /* ReportedActivity+Extensions.swift in Sources */,
				C6B67DE52D02AADE0049DF82 /* MediaManager.swift in Sources */,
				C62635F82CA4EA390007967E /* ActivityViewController+ActivityList.swift in Sources */,
				C62636022CA4F2060007967E /* GeocodeManager.swift in Sources */,
				C6EF15D72CA63EE00080FFB8 /* ArchiveViewController.swift in Sources */,
				C60431562CA0AB7200F981D5 /* ActivityCollectionViewCell.swift in Sources */,
			);
			runOnlyForDeploymentPostprocessing = 0;
		};
/* End PBXSourcesBuildPhase section */

/* Begin PBXVariantGroup section */
		C6562E7A2C9C8D2000B7B8E5 /* LaunchScreen.storyboard */ = {
			isa = PBXVariantGroup;
			children = (
				C6562E792C9C8D2000B7B8E5 /* Base */,
			);
			name = LaunchScreen.storyboard;
			sourceTree = "<group>";
		};
		C6562E7C2C9C8D2000B7B8E5 /* Main.storyboard */ = {
			isa = PBXVariantGroup;
			children = (
				C6562E7B2C9C8D2000B7B8E5 /* Base */,
			);
			name = Main.storyboard;
			sourceTree = "<group>";
		};
/* End PBXVariantGroup section */

/* Begin XCBuildConfiguration section */
		C6562E422C9C7F3500B7B8E5 /* Debug */ = {
			isa = XCBuildConfiguration;
			baseConfigurationReference = 44E61AD3E7F3C1521EA78CC8 /* Pods-RadioScanner.debug.xcconfig */;
			buildSettings = {
				ASSETCATALOG_COMPILER_APPICON_NAME = AppIcon;
				ASSETCATALOG_COMPILER_GLOBAL_ACCENT_COLOR_NAME = AccentColor;
				CODE_SIGN_STYLE = Automatic;
				CURRENT_PROJECT_VERSION = 6;
				DEVELOPMENT_TEAM = K9JT8S56CG;
				ENABLE_USER_SCRIPT_SANDBOXING = NO;
				GENERATE_INFOPLIST_FILE = YES;
				INFOPLIST_FILE = RadioScanner/Info.plist;
				INFOPLIST_KEY_CFBundleDisplayName = "CC Scanner";
				INFOPLIST_KEY_LSApplicationCategoryType = "public.app-category.utilities";
				INFOPLIST_KEY_UIApplicationSupportsIndirectInputEvents = YES;
				INFOPLIST_KEY_UILaunchStoryboardName = LaunchScreen;
				INFOPLIST_KEY_UIMainStoryboardFile = Main;
				INFOPLIST_KEY_UISupportedInterfaceOrientations = UIInterfaceOrientationPortrait;
				INFOPLIST_KEY_UISupportedInterfaceOrientations_iPad = "UIInterfaceOrientationLandscapeLeft UIInterfaceOrientationLandscapeRight UIInterfaceOrientationPortrait UIInterfaceOrientationPortraitUpsideDown";
				IPHONEOS_DEPLOYMENT_TARGET = 16.6;
				LD_RUNPATH_SEARCH_PATHS = (
					"$(inherited)",
					"@executable_path/Frameworks",
				);
				MARKETING_VERSION = 1.0;
				PRODUCT_BUNDLE_IDENTIFIER = com.brendanperry.PoliceScanner;
				PRODUCT_NAME = "$(TARGET_NAME)";
				SWIFT_EMIT_LOC_STRINGS = YES;
				SWIFT_VERSION = 5.0;
				TARGETED_DEVICE_FAMILY = "1,2";
			};
			name = Debug;
		};
		C6562E432C9C7F3500B7B8E5 /* Release */ = {
			isa = XCBuildConfiguration;
			baseConfigurationReference = B7CB7CEEFF922103A7E99C28 /* Pods-RadioScanner.release.xcconfig */;
			buildSettings = {
				ASSETCATALOG_COMPILER_APPICON_NAME = AppIcon;
				ASSETCATALOG_COMPILER_GLOBAL_ACCENT_COLOR_NAME = AccentColor;
				CODE_SIGN_STYLE = Automatic;
				CURRENT_PROJECT_VERSION = 6;
				DEVELOPMENT_TEAM = K9JT8S56CG;
				ENABLE_USER_SCRIPT_SANDBOXING = NO;
				GENERATE_INFOPLIST_FILE = YES;
				INFOPLIST_FILE = RadioScanner/Info.plist;
				INFOPLIST_KEY_CFBundleDisplayName = "CC Scanner";
				INFOPLIST_KEY_LSApplicationCategoryType = "public.app-category.utilities";
				INFOPLIST_KEY_UIApplicationSupportsIndirectInputEvents = YES;
				INFOPLIST_KEY_UILaunchStoryboardName = LaunchScreen;
				INFOPLIST_KEY_UIMainStoryboardFile = Main;
				INFOPLIST_KEY_UISupportedInterfaceOrientations = UIInterfaceOrientationPortrait;
				INFOPLIST_KEY_UISupportedInterfaceOrientations_iPad = "UIInterfaceOrientationLandscapeLeft UIInterfaceOrientationLandscapeRight UIInterfaceOrientationPortrait UIInterfaceOrientationPortraitUpsideDown";
				IPHONEOS_DEPLOYMENT_TARGET = 16.6;
				LD_RUNPATH_SEARCH_PATHS = (
					"$(inherited)",
					"@executable_path/Frameworks",
				);
				MARKETING_VERSION = 1.0;
				PRODUCT_BUNDLE_IDENTIFIER = com.brendanperry.PoliceScanner;
				PRODUCT_NAME = "$(TARGET_NAME)";
				SWIFT_EMIT_LOC_STRINGS = YES;
				SWIFT_VERSION = 5.0;
				TARGETED_DEVICE_FAMILY = "1,2";
			};
			name = Release;
		};
		C6562E442C9C7F3500B7B8E5 /* Debug */ = {
			isa = XCBuildConfiguration;
			buildSettings = {
				ALWAYS_SEARCH_USER_PATHS = NO;
				ASSETCATALOG_COMPILER_GENERATE_SWIFT_ASSET_SYMBOL_EXTENSIONS = YES;
				CLANG_ANALYZER_NONNULL = YES;
				CLANG_ANALYZER_NUMBER_OBJECT_CONVERSION = YES_AGGRESSIVE;
				CLANG_CXX_LANGUAGE_STANDARD = "gnu++20";
				CLANG_ENABLE_MODULES = YES;
				CLANG_ENABLE_OBJC_ARC = YES;
				CLANG_ENABLE_OBJC_WEAK = YES;
				CLANG_WARN_BLOCK_CAPTURE_AUTORELEASING = YES;
				CLANG_WARN_BOOL_CONVERSION = YES;
				CLANG_WARN_COMMA = YES;
				CLANG_WARN_CONSTANT_CONVERSION = YES;
				CLANG_WARN_DEPRECATED_OBJC_IMPLEMENTATIONS = YES;
				CLANG_WARN_DIRECT_OBJC_ISA_USAGE = YES_ERROR;
				CLANG_WARN_DOCUMENTATION_COMMENTS = YES;
				CLANG_WARN_EMPTY_BODY = YES;
				CLANG_WARN_ENUM_CONVERSION = YES;
				CLANG_WARN_INFINITE_RECURSION = YES;
				CLANG_WARN_INT_CONVERSION = YES;
				CLANG_WARN_NON_LITERAL_NULL_CONVERSION = YES;
				CLANG_WARN_OBJC_IMPLICIT_RETAIN_SELF = YES;
				CLANG_WARN_OBJC_LITERAL_CONVERSION = YES;
				CLANG_WARN_OBJC_ROOT_CLASS = YES_ERROR;
				CLANG_WARN_QUOTED_INCLUDE_IN_FRAMEWORK_HEADER = YES;
				CLANG_WARN_RANGE_LOOP_ANALYSIS = YES;
				CLANG_WARN_STRICT_PROTOTYPES = YES;
				CLANG_WARN_SUSPICIOUS_MOVE = YES;
				CLANG_WARN_UNGUARDED_AVAILABILITY = YES_AGGRESSIVE;
				CLANG_WARN_UNREACHABLE_CODE = YES;
				CLANG_WARN__DUPLICATE_METHOD_MATCH = YES;
				COPY_PHASE_STRIP = NO;
				DEBUG_INFORMATION_FORMAT = "dwarf-with-dsym";
				ENABLE_STRICT_OBJC_MSGSEND = YES;
				ENABLE_TESTABILITY = YES;
				ENABLE_USER_SCRIPT_SANDBOXING = YES;
				GCC_C_LANGUAGE_STANDARD = gnu17;
				GCC_DYNAMIC_NO_PIC = NO;
				GCC_NO_COMMON_BLOCKS = YES;
				GCC_OPTIMIZATION_LEVEL = 0;
				GCC_PREPROCESSOR_DEFINITIONS = (
					"DEBUG=1",
					"$(inherited)",
				);
				GCC_WARN_64_TO_32_BIT_CONVERSION = YES;
				GCC_WARN_ABOUT_RETURN_TYPE = YES_ERROR;
				GCC_WARN_UNDECLARED_SELECTOR = YES;
				GCC_WARN_UNINITIALIZED_AUTOS = YES_AGGRESSIVE;
				GCC_WARN_UNUSED_FUNCTION = YES;
				GCC_WARN_UNUSED_VARIABLE = YES;
				IPHONEOS_DEPLOYMENT_TARGET = 18.0;
				LOCALIZATION_PREFERS_STRING_CATALOGS = YES;
				MTL_ENABLE_DEBUG_INFO = INCLUDE_SOURCE;
				MTL_FAST_MATH = YES;
				ONLY_ACTIVE_ARCH = YES;
				OTHER_LDFLAGS = "-ObjC";
				SDKROOT = iphoneos;
				SWIFT_ACTIVE_COMPILATION_CONDITIONS = "DEBUG $(inherited)";
				SWIFT_OPTIMIZATION_LEVEL = "-Onone";
			};
			name = Debug;
		};
		C6562E452C9C7F3500B7B8E5 /* Release */ = {
			isa = XCBuildConfiguration;
			buildSettings = {
				ALWAYS_SEARCH_USER_PATHS = NO;
				ASSETCATALOG_COMPILER_GENERATE_SWIFT_ASSET_SYMBOL_EXTENSIONS = YES;
				CLANG_ANALYZER_NONNULL = YES;
				CLANG_ANALYZER_NUMBER_OBJECT_CONVERSION = YES_AGGRESSIVE;
				CLANG_CXX_LANGUAGE_STANDARD = "gnu++20";
				CLANG_ENABLE_MODULES = YES;
				CLANG_ENABLE_OBJC_ARC = YES;
				CLANG_ENABLE_OBJC_WEAK = YES;
				CLANG_WARN_BLOCK_CAPTURE_AUTORELEASING = YES;
				CLANG_WARN_BOOL_CONVERSION = YES;
				CLANG_WARN_COMMA = YES;
				CLANG_WARN_CONSTANT_CONVERSION = YES;
				CLANG_WARN_DEPRECATED_OBJC_IMPLEMENTATIONS = YES;
				CLANG_WARN_DIRECT_OBJC_ISA_USAGE = YES_ERROR;
				CLANG_WARN_DOCUMENTATION_COMMENTS = YES;
				CLANG_WARN_EMPTY_BODY = YES;
				CLANG_WARN_ENUM_CONVERSION = YES;
				CLANG_WARN_INFINITE_RECURSION = YES;
				CLANG_WARN_INT_CONVERSION = YES;
				CLANG_WARN_NON_LITERAL_NULL_CONVERSION = YES;
				CLANG_WARN_OBJC_IMPLICIT_RETAIN_SELF = YES;
				CLANG_WARN_OBJC_LITERAL_CONVERSION = YES;
				CLANG_WARN_OBJC_ROOT_CLASS = YES_ERROR;
				CLANG_WARN_QUOTED_INCLUDE_IN_FRAMEWORK_HEADER = YES;
				CLANG_WARN_RANGE_LOOP_ANALYSIS = YES;
				CLANG_WARN_STRICT_PROTOTYPES = YES;
				CLANG_WARN_SUSPICIOUS_MOVE = YES;
				CLANG_WARN_UNGUARDED_AVAILABILITY = YES_AGGRESSIVE;
				CLANG_WARN_UNREACHABLE_CODE = YES;
				CLANG_WARN__DUPLICATE_METHOD_MATCH = YES;
				COPY_PHASE_STRIP = NO;
				DEBUG_INFORMATION_FORMAT = "dwarf-with-dsym";
				ENABLE_NS_ASSERTIONS = NO;
				ENABLE_STRICT_OBJC_MSGSEND = YES;
				ENABLE_USER_SCRIPT_SANDBOXING = YES;
				GCC_C_LANGUAGE_STANDARD = gnu17;
				GCC_NO_COMMON_BLOCKS = YES;
				GCC_WARN_64_TO_32_BIT_CONVERSION = YES;
				GCC_WARN_ABOUT_RETURN_TYPE = YES_ERROR;
				GCC_WARN_UNDECLARED_SELECTOR = YES;
				GCC_WARN_UNINITIALIZED_AUTOS = YES_AGGRESSIVE;
				GCC_WARN_UNUSED_FUNCTION = YES;
				GCC_WARN_UNUSED_VARIABLE = YES;
				IPHONEOS_DEPLOYMENT_TARGET = 18.0;
				LOCALIZATION_PREFERS_STRING_CATALOGS = YES;
				MTL_ENABLE_DEBUG_INFO = NO;
				MTL_FAST_MATH = YES;
				OTHER_LDFLAGS = "-ObjC";
				SDKROOT = iphoneos;
				SWIFT_COMPILATION_MODE = wholemodule;
				VALIDATE_PRODUCT = YES;
			};
			name = Release;
		};
/* End XCBuildConfiguration section */

/* Begin XCConfigurationList section */
		C6562E292C9C7F3300B7B8E5 /* Build configuration list for PBXProject "RadioScanner" */ = {
			isa = XCConfigurationList;
			buildConfigurations = (
				C6562E442C9C7F3500B7B8E5 /* Debug */,
				C6562E452C9C7F3500B7B8E5 /* Release */,
			);
			defaultConfigurationIsVisible = 0;
			defaultConfigurationName = Release;
		};
		C6562E412C9C7F3500B7B8E5 /* Build configuration list for PBXNativeTarget "RadioScanner" */ = {
			isa = XCConfigurationList;
			buildConfigurations = (
				C6562E422C9C7F3500B7B8E5 /* Debug */,
				C6562E432C9C7F3500B7B8E5 /* Release */,
			);
			defaultConfigurationIsVisible = 0;
			defaultConfigurationName = Release;
		};
/* End XCConfigurationList section */

/* Begin XCRemoteSwiftPackageReference section */
		C6B67DDE2CFCDE380049DF82 /* XCRemoteSwiftPackageReference "firebase-ios-sdk" */ = {
			isa = XCRemoteSwiftPackageReference;
			repositoryURL = "https://github.com/firebase/firebase-ios-sdk";
			requirement = {
				kind = upToNextMajorVersion;
				minimumVersion = 11.5.0;
			};
		};
/* End XCRemoteSwiftPackageReference section */

/* Begin XCSwiftPackageProductDependency section */
		C6B67DDF2CFCDE390049DF82 /* FirebaseAnalyticsWithoutAdIdSupport */ = {
			isa = XCSwiftPackageProductDependency;
			package = C6B67DDE2CFCDE380049DF82 /* XCRemoteSwiftPackageReference "firebase-ios-sdk" */;
			productName = FirebaseAnalyticsWithoutAdIdSupport;
		};
		C6B67DE12CFCDE390049DF82 /* FirebaseCrashlytics */ = {
			isa = XCSwiftPackageProductDependency;
			package = C6B67DDE2CFCDE380049DF82 /* XCRemoteSwiftPackageReference "firebase-ios-sdk" */;
			productName = FirebaseCrashlytics;
		};
/* End XCSwiftPackageProductDependency section */
	};
	rootObject = C6562E262C9C7F3300B7B8E5 /* Project object */;
}
